
Microsoft Visual Studio Solution File, Format Version 12.00
# Visual Studio Version 16
VisualStudioVersion = 16.0.31702.278
MinimumVisualStudioVersion = 10.0.40219.1
Project("{FAE04EC0-301F-11D3-BF4B-00C04F79EFBC}") = "EFFirstVSSingle", "EFFirstVSSingle\EFFirstVSSingle.csproj", "{35E0C54B-D919-41AF-A2BB-FE771D9632BE}"
EndProject
Global
	GlobalSection(SolutionConfigurationPlatforms) = preSolution
		Debug|Any CPU = Debug|Any CPU
		Release|Any CPU = Release|Any CPU
	EndGlobalSection
	GlobalSection(ProjectConfigurationPlatforms) = postSolution
		{35E0C54B-D919-41AF-A2BB-FE771D9632BE}.Debug|Any CPU.ActiveCfg = Debug|Any CPU
		{35E0C54B-D919-41AF-A2BB-FE771D9632BE}.Debug|Any CPU.Build.0 = Debug|Any CPU
		{35E0C54B-D919-41AF-A2BB-FE771D9632BE}.Release|Any CPU.ActiveCfg = Release|Any CPU
		{35E0C54B-D919-41AF-A2BB-FE771D9632BE}.Release|Any CPU.Build.0 = Release|Any CPU
	EndGlobalSection
	GlobalSection(SolutionProperties) = preSolution
		HideSolutionNode = FALSE
	EndGlobalSection
	GlobalSection(ExtensibilityGlobals) = postSolution
		SolutionGuid = {C33E8904-9D9F-48E1-BD58-598B2CFBCA0E}
	EndGlobalSection
EndGlobal
